
Microsoft Visual Studio Solution File, Format Version 12.00
# Visual Studio Version 16
VisualStudioVersion = 16.0.29709.97
MinimumVisualStudioVersion = 10.0.40219.1
Project("{FAE04EC0-301F-11D3-BF4B-00C04F79EFBC}") = "pr01-01-2.2", "pr01-01-2.2.csproj", "{63AD3257-2A23-4366-93A3-A3CFB94F45D8}"
EndProject
Global
	GlobalSection(SolutionConfigurationPlatforms) = preSolution
		Debug|Any CPU = Debug|Any CPU
		Release|Any CPU = Release|Any CPU
	EndGlobalSection
	GlobalSection(ProjectConfigurationPlatforms) = postSolution
		{63AD3257-2A23-4366-93A3-A3CFB94F45D8}.Debug|Any CPU.ActiveCfg = Debug|Any CPU
		{63AD3257-2A23-4366-93A3-A3CFB94F45D8}.Debug|Any CPU.Build.0 = Debug|Any CPU
		{63AD3257-2A23-4366-93A3-A3CFB94F45D8}.Release|Any CPU.ActiveCfg = Release|Any CPU
		{63AD3257-2A23-4366-93A3-A3CFB94F45D8}.Release|Any CPU.Build.0 = Release|Any CPU
	EndGlobalSection
	GlobalSection(SolutionProperties) = preSolution
		HideSolutionNode = FALSE
	EndGlobalSection
	GlobalSection(ExtensibilityGlobals) = postSolution
		SolutionGuid = {60739A1D-B4F7-4415-A16F-4295F1FFFA86}
	EndGlobalSection
EndGlobal
