
Microsoft Visual Studio Solution File, Format Version 12.00
# Visual Studio Version 16
VisualStudioVersion = 16.0.29709.97
MinimumVisualStudioVersion = 10.0.40219.1
Project("{FAE04EC0-301F-11D3-BF4B-00C04F79EFBC}") = "pr01-01-2.3", "pr01-01-2.3.csproj", "{EF914729-2A8F-4298-9D9C-241732503A90}"
EndProject
Global
	GlobalSection(SolutionConfigurationPlatforms) = preSolution
		Debug|Any CPU = Debug|Any CPU
		Release|Any CPU = Release|Any CPU
	EndGlobalSection
	GlobalSection(ProjectConfigurationPlatforms) = postSolution
		{EF914729-2A8F-4298-9D9C-241732503A90}.Debug|Any CPU.ActiveCfg = Debug|Any CPU
		{EF914729-2A8F-4298-9D9C-241732503A90}.Debug|Any CPU.Build.0 = Debug|Any CPU
		{EF914729-2A8F-4298-9D9C-241732503A90}.Release|Any CPU.ActiveCfg = Release|Any CPU
		{EF914729-2A8F-4298-9D9C-241732503A90}.Release|Any CPU.Build.0 = Release|Any CPU
	EndGlobalSection
	GlobalSection(SolutionProperties) = preSolution
		HideSolutionNode = FALSE
	EndGlobalSection
	GlobalSection(ExtensibilityGlobals) = postSolution
		SolutionGuid = {1F9E08C6-9380-486B-B20A-83113FFB8498}
	EndGlobalSection
EndGlobal
